
Microsoft Visual Studio Solution File, Format Version 12.00
# Visual Studio 15
VisualStudioVersion = 15.0.28307.421
MinimumVisualStudioVersion = 10.0.40219.1
Project("{FAE04EC0-301F-11D3-BF4B-00C04F79EFBC}") = "YoutubeDownloader", "YoutubeDownloader\YoutubeDownloader.csproj", "{34D10FA8-8EF2-411B-B5AC-38914D828CE0}"
EndProject
Project("{FAE04EC0-301F-11D3-BF4B-00C04F79EFBC}") = "ColorTrackBar", "ColorTrackBar_src\ColorTrackBar\ColorTrackBar.csproj", "{D9250279-3F1B-4BE9-94EA-EDE47FAD93D9}"
EndProject
Project("{FAE04EC0-301F-11D3-BF4B-00C04F79EFBC}") = "BurnMedia", "BurnMedia\BurnMedia.csproj", "{3B8FDB66-1D5A-4533-9F51-2D693BF0EF23}"
EndProject
Project("{FAE04EC0-301F-11D3-BF4B-00C04F79EFBC}") = "FFMPEG-CSWrapper", "FFMPEG-CSWrapper\FFMPEG-CSWrapper.csproj", "{AA83973A-6AD4-4963-94EF-75B9F1EFCDDA}"
EndProject
Project("{FAE04EC0-301F-11D3-BF4B-00C04F79EFBC}") = "Logger", "Logger\Logger.csproj", "{B128AC9F-D1B3-4538-98DA-6D2BFF01979B}"
EndProject
Global
	GlobalSection(SolutionConfigurationPlatforms) = preSolution
		All|Any CPU = All|Any CPU
		CD_ROM|Any CPU = CD_ROM|Any CPU
		Debug|Any CPU = Debug|Any CPU
		Debug-NET35|Any CPU = Debug-NET35|Any CPU
		Debug-NET40|Any CPU = Debug-NET40|Any CPU
		DVD-5|Any CPU = DVD-5|Any CPU
		Release|Any CPU = Release|Any CPU
		Release-NET35|Any CPU = Release-NET35|Any CPU
		Release-NET40|Any CPU = Release-NET40|Any CPU
		SingleImage|Any CPU = SingleImage|Any CPU
	EndGlobalSection
	GlobalSection(ProjectConfigurationPlatforms) = postSolution
		{34D10FA8-8EF2-411B-B5AC-38914D828CE0}.All|Any CPU.ActiveCfg = Debug|Any CPU
		{34D10FA8-8EF2-411B-B5AC-38914D828CE0}.All|Any CPU.Build.0 = Debug|Any CPU
		{34D10FA8-8EF2-411B-B5AC-38914D828CE0}.CD_ROM|Any CPU.ActiveCfg = Release|Any CPU
		{34D10FA8-8EF2-411B-B5AC-38914D828CE0}.CD_ROM|Any CPU.Build.0 = Release|Any CPU
		{34D10FA8-8EF2-411B-B5AC-38914D828CE0}.Debug|Any CPU.ActiveCfg = Debug|Any CPU
		{34D10FA8-8EF2-411B-B5AC-38914D828CE0}.Debug|Any CPU.Build.0 = Debug|Any CPU
		{34D10FA8-8EF2-411B-B5AC-38914D828CE0}.Debug-NET35|Any CPU.ActiveCfg = Debug|Any CPU
		{34D10FA8-8EF2-411B-B5AC-38914D828CE0}.Debug-NET35|Any CPU.Build.0 = Debug|Any CPU
		{34D10FA8-8EF2-411B-B5AC-38914D828CE0}.Debug-NET40|Any CPU.ActiveCfg = Debug|Any CPU
		{34D10FA8-8EF2-411B-B5AC-38914D828CE0}.Debug-NET40|Any CPU.Build.0 = Debug|Any CPU
		{34D10FA8-8EF2-411B-B5AC-38914D828CE0}.DVD-5|Any CPU.ActiveCfg = Debug|Any CPU
		{34D10FA8-8EF2-411B-B5AC-38914D828CE0}.DVD-5|Any CPU.Build.0 = Debug|Any CPU
		{34D10FA8-8EF2-411B-B5AC-38914D828CE0}.Release|Any CPU.ActiveCfg = Release|Any CPU
		{34D10FA8-8EF2-411B-B5AC-38914D828CE0}.Release|Any CPU.Build.0 = Release|Any CPU
		{34D10FA8-8EF2-411B-B5AC-38914D828CE0}.Release-NET35|Any CPU.ActiveCfg = Release|Any CPU
		{34D10FA8-8EF2-411B-B5AC-38914D828CE0}.Release-NET35|Any CPU.Build.0 = Release|Any CPU
		{34D10FA8-8EF2-411B-B5AC-38914D828CE0}.Release-NET40|Any CPU.ActiveCfg = Release|Any CPU
		{34D10FA8-8EF2-411B-B5AC-38914D828CE0}.Release-NET40|Any CPU.Build.0 = Release|Any CPU
		{34D10FA8-8EF2-411B-B5AC-38914D828CE0}.SingleImage|Any CPU.ActiveCfg = Release|Any CPU
		{34D10FA8-8EF2-411B-B5AC-38914D828CE0}.SingleImage|Any CPU.Build.0 = Release|Any CPU
		{D9250279-3F1B-4BE9-94EA-EDE47FAD93D9}.All|Any CPU.ActiveCfg = Debug|Any CPU
		{D9250279-3F1B-4BE9-94EA-EDE47FAD93D9}.All|Any CPU.Build.0 = Debug|Any CPU
		{D9250279-3F1B-4BE9-94EA-EDE47FAD93D9}.CD_ROM|Any CPU.ActiveCfg = Release|Any CPU
		{D9250279-3F1B-4BE9-94EA-EDE47FAD93D9}.CD_ROM|Any CPU.Build.0 = Release|Any CPU
		{D9250279-3F1B-4BE9-94EA-EDE47FAD93D9}.Debug|Any CPU.ActiveCfg = Debug|Any CPU
		{D9250279-3F1B-4BE9-94EA-EDE47FAD93D9}.Debug|Any CPU.Build.0 = Debug|Any CPU
		{D9250279-3F1B-4BE9-94EA-EDE47FAD93D9}.Debug-NET35|Any CPU.ActiveCfg = Debug|Any CPU
		{D9250279-3F1B-4BE9-94EA-EDE47FAD93D9}.Debug-NET35|Any CPU.Build.0 = Debug|Any CPU
		{D9250279-3F1B-4BE9-94EA-EDE47FAD93D9}.Debug-NET40|Any CPU.ActiveCfg = Debug|Any CPU
		{D9250279-3F1B-4BE9-94EA-EDE47FAD93D9}.Debug-NET40|Any CPU.Build.0 = Debug|Any CPU
		{D9250279-3F1B-4BE9-94EA-EDE47FAD93D9}.DVD-5|Any CPU.ActiveCfg = Debug|Any CPU
		{D9250279-3F1B-4BE9-94EA-EDE47FAD93D9}.DVD-5|Any CPU.Build.0 = Debug|Any CPU
		{D9250279-3F1B-4BE9-94EA-EDE47FAD93D9}.Release|Any CPU.ActiveCfg = Release|Any CPU
		{D9250279-3F1B-4BE9-94EA-EDE47FAD93D9}.Release|Any CPU.Build.0 = Release|Any CPU
		{D9250279-3F1B-4BE9-94EA-EDE47FAD93D9}.Release-NET35|Any CPU.ActiveCfg = Release|Any CPU
		{D9250279-3F1B-4BE9-94EA-EDE47FAD93D9}.Release-NET35|Any CPU.Build.0 = Release|Any CPU
		{D9250279-3F1B-4BE9-94EA-EDE47FAD93D9}.Release-NET40|Any CPU.ActiveCfg = Release|Any CPU
		{D9250279-3F1B-4BE9-94EA-EDE47FAD93D9}.Release-NET40|Any CPU.Build.0 = Release|Any CPU
		{D9250279-3F1B-4BE9-94EA-EDE47FAD93D9}.SingleImage|Any CPU.ActiveCfg = Release|Any CPU
		{D9250279-3F1B-4BE9-94EA-EDE47FAD93D9}.SingleImage|Any CPU.Build.0 = Release|Any CPU
		{3B8FDB66-1D5A-4533-9F51-2D693BF0EF23}.All|Any CPU.ActiveCfg = Release|Any CPU
		{3B8FDB66-1D5A-4533-9F51-2D693BF0EF23}.All|Any CPU.Build.0 = Release|Any CPU
		{3B8FDB66-1D5A-4533-9F51-2D693BF0EF23}.CD_ROM|Any CPU.ActiveCfg = Release|Any CPU
		{3B8FDB66-1D5A-4533-9F51-2D693BF0EF23}.CD_ROM|Any CPU.Build.0 = Release|Any CPU
		{3B8FDB66-1D5A-4533-9F51-2D693BF0EF23}.Debug|Any CPU.ActiveCfg = Debug|Any CPU
		{3B8FDB66-1D5A-4533-9F51-2D693BF0EF23}.Debug|Any CPU.Build.0 = Debug|Any CPU
		{3B8FDB66-1D5A-4533-9F51-2D693BF0EF23}.Debug-NET35|Any CPU.ActiveCfg = Debug|Any CPU
		{3B8FDB66-1D5A-4533-9F51-2D693BF0EF23}.Debug-NET35|Any CPU.Build.0 = Debug|Any CPU
		{3B8FDB66-1D5A-4533-9F51-2D693BF0EF23}.Debug-NET40|Any CPU.ActiveCfg = Debug|Any CPU
		{3B8FDB66-1D5A-4533-9F51-2D693BF0EF23}.Debug-NET40|Any CPU.Build.0 = Debug|Any CPU
		{3B8FDB66-1D5A-4533-9F51-2D693BF0EF23}.DVD-5|Any CPU.ActiveCfg = Debug|Any CPU
		{3B8FDB66-1D5A-4533-9F51-2D693BF0EF23}.DVD-5|Any CPU.Build.0 = Debug|Any CPU
		{3B8FDB66-1D5A-4533-9F51-2D693BF0EF23}.Release|Any CPU.ActiveCfg = Release|Any CPU
		{3B8FDB66-1D5A-4533-9F51-2D693BF0EF23}.Release|Any CPU.Build.0 = Release|Any CPU
		{3B8FDB66-1D5A-4533-9F51-2D693BF0EF23}.Release-NET35|Any CPU.ActiveCfg = Release|Any CPU
		{3B8FDB66-1D5A-4533-9F51-2D693BF0EF23}.Release-NET35|Any CPU.Build.0 = Release|Any CPU
		{3B8FDB66-1D5A-4533-9F51-2D693BF0EF23}.Release-NET40|Any CPU.ActiveCfg = Release|Any CPU
		{3B8FDB66-1D5A-4533-9F51-2D693BF0EF23}.Release-NET40|Any CPU.Build.0 = Release|Any CPU
		{3B8FDB66-1D5A-4533-9F51-2D693BF0EF23}.SingleImage|Any CPU.ActiveCfg = Release|Any CPU
		{3B8FDB66-1D5A-4533-9F51-2D693BF0EF23}.SingleImage|Any CPU.Build.0 = Release|Any CPU
		{AA83973A-6AD4-4963-94EF-75B9F1EFCDDA}.All|Any CPU.ActiveCfg = Release|Any CPU
		{AA83973A-6AD4-4963-94EF-75B9F1EFCDDA}.All|Any CPU.Build.0 = Release|Any CPU
		{AA83973A-6AD4-4963-94EF-75B9F1EFCDDA}.CD_ROM|Any CPU.ActiveCfg = Release|Any CPU
		{AA83973A-6AD4-4963-94EF-75B9F1EFCDDA}.CD_ROM|Any CPU.Build.0 = Release|Any CPU
		{AA83973A-6AD4-4963-94EF-75B9F1EFCDDA}.Debug|Any CPU.ActiveCfg = Debug|Any CPU
		{AA83973A-6AD4-4963-94EF-75B9F1EFCDDA}.Debug|Any CPU.Build.0 = Debug|Any CPU
		{AA83973A-6AD4-4963-94EF-75B9F1EFCDDA}.Debug-NET35|Any CPU.ActiveCfg = Debug|Any CPU
		{AA83973A-6AD4-4963-94EF-75B9F1EFCDDA}.Debug-NET35|Any CPU.Build.0 = Debug|Any CPU
		{AA83973A-6AD4-4963-94EF-75B9F1EFCDDA}.Debug-NET40|Any CPU.ActiveCfg = Debug|Any CPU
		{AA83973A-6AD4-4963-94EF-75B9F1EFCDDA}.Debug-NET40|Any CPU.Build.0 = Debug|Any CPU
		{AA83973A-6AD4-4963-94EF-75B9F1EFCDDA}.DVD-5|Any CPU.ActiveCfg = Debug|Any CPU
		{AA83973A-6AD4-4963-94EF-75B9F1EFCDDA}.DVD-5|Any CPU.Build.0 = Debug|Any CPU
		{AA83973A-6AD4-4963-94EF-75B9F1EFCDDA}.Release|Any CPU.ActiveCfg = Release|Any CPU
		{AA83973A-6AD4-4963-94EF-75B9F1EFCDDA}.Release|Any CPU.Build.0 = Release|Any CPU
		{AA83973A-6AD4-4963-94EF-75B9F1EFCDDA}.Release-NET35|Any CPU.ActiveCfg = Release|Any CPU
		{AA83973A-6AD4-4963-94EF-75B9F1EFCDDA}.Release-NET35|Any CPU.Build.0 = Release|Any CPU
		{AA83973A-6AD4-4963-94EF-75B9F1EFCDDA}.Release-NET40|Any CPU.ActiveCfg = Release|Any CPU
		{AA83973A-6AD4-4963-94EF-75B9F1EFCDDA}.Release-NET40|Any CPU.Build.0 = Release|Any CPU
		{AA83973A-6AD4-4963-94EF-75B9F1EFCDDA}.SingleImage|Any CPU.ActiveCfg = Release|Any CPU
		{AA83973A-6AD4-4963-94EF-75B9F1EFCDDA}.SingleImage|Any CPU.Build.0 = Release|Any CPU
		{B128AC9F-D1B3-4538-98DA-6D2BFF01979B}.All|Any CPU.ActiveCfg = Release|Any CPU
		{B128AC9F-D1B3-4538-98DA-6D2BFF01979B}.All|Any CPU.Build.0 = Release|Any CPU
		{B128AC9F-D1B3-4538-98DA-6D2BFF01979B}.CD_ROM|Any CPU.ActiveCfg = Release|Any CPU
		{B128AC9F-D1B3-4538-98DA-6D2BFF01979B}.CD_ROM|Any CPU.Build.0 = Release|Any CPU
		{B128AC9F-D1B3-4538-98DA-6D2BFF01979B}.Debug|Any CPU.ActiveCfg = Debug|Any CPU
		{B128AC9F-D1B3-4538-98DA-6D2BFF01979B}.Debug|Any CPU.Build.0 = Debug|Any CPU
		{B128AC9F-D1B3-4538-98DA-6D2BFF01979B}.Debug-NET35|Any CPU.ActiveCfg = Debug|Any CPU
		{B128AC9F-D1B3-4538-98DA-6D2BFF01979B}.Debug-NET35|Any CPU.Build.0 = Debug|Any CPU
		{B128AC9F-D1B3-4538-98DA-6D2BFF01979B}.Debug-NET40|Any CPU.ActiveCfg = Debug|Any CPU
		{B128AC9F-D1B3-4538-98DA-6D2BFF01979B}.Debug-NET40|Any CPU.Build.0 = Debug|Any CPU
		{B128AC9F-D1B3-4538-98DA-6D2BFF01979B}.DVD-5|Any CPU.ActiveCfg = Debug|Any CPU
		{B128AC9F-D1B3-4538-98DA-6D2BFF01979B}.DVD-5|Any CPU.Build.0 = Debug|Any CPU
		{B128AC9F-D1B3-4538-98DA-6D2BFF01979B}.Release|Any CPU.ActiveCfg = Release|Any CPU
		{B128AC9F-D1B3-4538-98DA-6D2BFF01979B}.Release|Any CPU.Build.0 = Release|Any CPU
		{B128AC9F-D1B3-4538-98DA-6D2BFF01979B}.Release-NET35|Any CPU.ActiveCfg = Release|Any CPU
		{B128AC9F-D1B3-4538-98DA-6D2BFF01979B}.Release-NET35|Any CPU.Build.0 = Release|Any CPU
		{B128AC9F-D1B3-4538-98DA-6D2BFF01979B}.Release-NET40|Any CPU.ActiveCfg = Release|Any CPU
		{B128AC9F-D1B3-4538-98DA-6D2BFF01979B}.Release-NET40|Any CPU.Build.0 = Release|Any CPU
		{B128AC9F-D1B3-4538-98DA-6D2BFF01979B}.SingleImage|Any CPU.ActiveCfg = Release|Any CPU
		{B128AC9F-D1B3-4538-98DA-6D2BFF01979B}.SingleImage|Any CPU.Build.0 = Release|Any CPU
	EndGlobalSection
	GlobalSection(SolutionProperties) = preSolution
		HideSolutionNode = FALSE
	EndGlobalSection
	GlobalSection(ExtensibilityGlobals) = postSolution
		SolutionGuid = {D8FC6B54-18FA-4CC3-8098-5D1214062510}
	EndGlobalSection
EndGlobal
